
Microsoft Visual Studio Solution File, Format Version 12.00
# Visual Studio Version 16
VisualStudioVersion = 16.0.32413.511
MinimumVisualStudioVersion = 10.0.40219.1
Project("{FAE04EC0-301F-11D3-BF4B-00C04F79EFBC}") = "Minimalistic ALU", "Minimalistic ALU.csproj", "{2C45AFAD-01B5-4723-8470-62BCB7790102}"
EndProject
Global
	GlobalSection(SolutionConfigurationPlatforms) = preSolution
		Debug|Any CPU = Debug|Any CPU
		Release|Any CPU = Release|Any CPU
	EndGlobalSection
	GlobalSection(ProjectConfigurationPlatforms) = postSolution
		{2C45AFAD-01B5-4723-8470-62BCB7790102}.Debug|Any CPU.ActiveCfg = Debug|Any CPU
		{2C45AFAD-01B5-4723-8470-62BCB7790102}.Debug|Any CPU.Build.0 = Debug|Any CPU
		{2C45AFAD-01B5-4723-8470-62BCB7790102}.Release|Any CPU.ActiveCfg = Release|Any CPU
		{2C45AFAD-01B5-4723-8470-62BCB7790102}.Release|Any CPU.Build.0 = Release|Any CPU
	EndGlobalSection
	GlobalSection(SolutionProperties) = preSolution
		HideSolutionNode = FALSE
	EndGlobalSection
	GlobalSection(ExtensibilityGlobals) = postSolution
		SolutionGuid = {B99083DE-9314-4EF9-AD3E-8928AC76FD9B}
	EndGlobalSection
EndGlobal
